{
  "object": {
    "pins": [
      {
        "package": "CryptoSwift",
        "repositoryURL": "https://github.com/krzyzanowskim/CryptoSwift.git",
        "state": {
          "branch": null,
          "revision": "4e31051c63cc0ddf10a25cf5318856c510cf77f4",
          "version": "1.4.0"
        }
      },
      {
        "package": "RxSwift",
        "repositoryURL": "https://github.com/ReactiveX/RxSwift.git",
        "state": {
          "branch": null,
          "revision": "7c17a6ccca06b5c107cfa4284e634562ddaf5951",
          "version": "6.2.0"
        }
      },
      {
        "package": "tweetnacl-swiftwrap",
        "repositoryURL": "https://github.com/bitmark-inc/tweetnacl-swiftwrap.git",
        "state": {
          "branch": null,
          "revision": "d1552db4d907f2c5cb3d1bf1336496b2e16c8ecf",
          "version": "1.0.2"
        }
      }
    ]
  },
  "version": 1
}
